
Microsoft Visual Studio Solution File, Format Version 12.00
# Visual Studio Version 16
VisualStudioVersion = 16.0.33214.272
MinimumVisualStudioVersion = 10.0.40219.1
Project("{FAE04EC0-301F-11D3-BF4B-00C04F79EFBC}") = "ACMECorp", "ACMECorp\ACMECorp.csproj", "{4628A5A1-C290-4E16-B597-B9ACD9767901}"
EndProject
Project("{E53339B2-1760-4266-BCC7-CA923CBCF16C}") = "docker-compose", "docker-compose.dcproj", "{09FB8BAF-A830-423E-A220-F2C2C3513F87}"
EndProject
Global
	GlobalSection(SolutionConfigurationPlatforms) = preSolution
		Debug|Any CPU = Debug|Any CPU
		Release|Any CPU = Release|Any CPU
	EndGlobalSection
	GlobalSection(ProjectConfigurationPlatforms) = postSolution
		{4628A5A1-C290-4E16-B597-B9ACD9767901}.Debug|Any CPU.ActiveCfg = Debug|Any CPU
		{4628A5A1-C290-4E16-B597-B9ACD9767901}.Debug|Any CPU.Build.0 = Debug|Any CPU
		{4628A5A1-C290-4E16-B597-B9ACD9767901}.Release|Any CPU.ActiveCfg = Release|Any CPU
		{4628A5A1-C290-4E16-B597-B9ACD9767901}.Release|Any CPU.Build.0 = Release|Any CPU
		{09FB8BAF-A830-423E-A220-F2C2C3513F87}.Debug|Any CPU.ActiveCfg = Debug|Any CPU
		{09FB8BAF-A830-423E-A220-F2C2C3513F87}.Debug|Any CPU.Build.0 = Debug|Any CPU
		{09FB8BAF-A830-423E-A220-F2C2C3513F87}.Release|Any CPU.ActiveCfg = Release|Any CPU
		{09FB8BAF-A830-423E-A220-F2C2C3513F87}.Release|Any CPU.Build.0 = Release|Any CPU
	EndGlobalSection
	GlobalSection(SolutionProperties) = preSolution
		HideSolutionNode = FALSE
	EndGlobalSection
	GlobalSection(ExtensibilityGlobals) = postSolution
		SolutionGuid = {0F68E46F-1837-4C6B-A61C-E9BC2ECB8B54}
	EndGlobalSection
EndGlobal
